<?xml version="1.0" encoding="UTF-8"?>
<CONFIG>
  <ProjectOptions>
    <Version Value="12"/>
    <General>
      <Flags>
        <CompatibilityMode Value="True"/>
      </Flags>
      <SessionStorage Value="InProjectDir"/>
      <Title Value="BeepDemo"/>
      <Scaled Value="True"/>
      <ResourceType Value="res"/>
      <UseXPManifest Value="True"/>
      <XPManifest>
        <DpiAware Value="True"/>
      </XPManifest>
    </General>
    <BuildModes Count="1">
      <Item1 Name="Default" Default="True"/>
    </BuildModes>
    <PublishOptions>
      <Version Value="2"/>
      <UseFileFilters Value="True"/>
    </PublishOptions>
    <RunParams>
      <FormatVersion Value="2"/>
    </RunParams>
    <RequiredPackages Count="1">
      <Item1>
        <PackageName Value="LCL"/>
      </Item1>
    </RequiredPackages>
    <Units Count="16">
      <Unit0>
        <Filename Value="BeepDemo.lpr"/>
        <IsPartOfProject Value="True"/>
      </Unit0>
      <Unit1>
        <Filename Value="beepdemocode.pas"/>
        <IsPartOfProject Value="True"/>
        <ComponentName Value="BeepDemoForm"/>
        <HasResources Value="True"/>
        <ResourceBaseClass Value="Form"/>
        <UnitName Value="BeepDemoCode"/>
      </Unit1>
      <Unit2>
        <Filename Value="alsapcmdemo.pas"/>
        <IsPartOfProject Value="True"/>
        <UnitName Value="AlsaPcmDemo"/>
      </Unit2>
      <Unit3>
        <Filename Value="../asound_dynamic.pas"/>
        <IsPartOfProject Value="True"/>
        <UnitName Value="Asound_dynamic"/>
      </Unit3>
      <Unit4>
        <Filename Value="../asoundseq_dynamic.pas"/>
        <IsPartOfProject Value="True"/>
        <UnitName Value="AsoundSeq_dynamic"/>
      </Unit4>
      <Unit5>
        <Filename Value="../AsoundSeqDefs.inc"/>
        <IsPartOfProject Value="True"/>
      </Unit5>
      <Unit6>
        <Filename Value="../asoundseq.pas"/>
        <IsPartOfProject Value="True"/>
        <UnitName Value="AsoundSeq"/>
      </Unit6>
      <Unit7>
        <Filename Value="../asoundpcm_dynamic.pas"/>
        <IsPartOfProject Value="True"/>
        <UnitName Value="AsoundPcm_dynamic"/>
      </Unit7>
      <Unit8>
        <Filename Value="../AsoundPcmDefs.inc"/>
        <IsPartOfProject Value="True"/>
      </Unit8>
      <Unit9>
        <Filename Value="../asoundpcm.pas"/>
        <IsPartOfProject Value="True"/>
        <UnitName Value="AsoundPcm"/>
      </Unit9>
      <Unit10>
        <Filename Value="../AsoundDefs.inc"/>
        <IsPartOfProject Value="True"/>
      </Unit10>
      <Unit11>
        <Filename Value="../asound.pas"/>
        <IsPartOfProject Value="True"/>
        <UnitName Value="Asound"/>
      </Unit11>
      <Unit12>
        <Filename Value="alsaseqdemo.pas"/>
        <IsPartOfProject Value="True"/>
        <UnitName Value="AlsaSeqDemo"/>
      </Unit12>
      <Unit13>
        <Filename Value="midiselectcode.pas"/>
        <IsPartOfProject Value="True"/>
        <HasResources Value="True"/>
        <UnitName Value="MidiSelectCode"/>
      </Unit13>
      <Unit14>
        <Filename Value="watchxyzmidi.pas"/>
        <IsPartOfProject Value="True"/>
        <UnitName Value="WatchXyzMidi"/>
      </Unit14>
      <Unit15>
        <Filename Value="midiparse.pas"/>
        <IsPartOfProject Value="True"/>
        <UnitName Value="MidiParse"/>
      </Unit15>
    </Units>
  </ProjectOptions>
  <CompilerOptions>
    <Version Value="11"/>
    <Target>
      <Filename Value="BeepDemo-$(TargetCPU)-$(TargetOS)-$(LCLWidgetType)"/>
    </Target>
    <SearchPaths>
      <IncludeFiles Value="$(ProjOutDir)"/>
      <OtherUnitFiles Value=".."/>
      <UnitOutputDirectory Value="lib/$(TargetCPU)-$(TargetOS)"/>
    </SearchPaths>
    <Linking>
      <Options>
        <Win32>
          <GraphicApplication Value="True"/>
        </Win32>
      </Options>
    </Linking>
    <Other>
      <ExecuteAfter>
        <Command Value="date"/>
        <CompileReasons Run="False"/>
      </ExecuteAfter>
    </Other>
  </CompilerOptions>
  <Debugging>
    <Exceptions Count="3">
      <Item1>
        <Name Value="EAbort"/>
      </Item1>
      <Item2>
        <Name Value="ECodetoolError"/>
      </Item2>
      <Item3>
        <Name Value="EFOpenError"/>
      </Item3>
    </Exceptions>
  </Debugging>
</CONFIG>
